// !$*UTF8*$!
{
	archiveVersion = 1;
	classes = {
	};
	objectVersion = 55;
	objects = {

/* Begin PBXBuildFile section */
		37F3C94C28003F4B00BA9878 /* GuideVoyagesPierricView.swift in Sources */ = {isa = PBXBuildFile; fileRef = 37F3C94B28003F4B00BA9878 /* GuideVoyagesPierricView.swift */; };
		37F3C94E28003F9400BA9878 /* SitesFranceDetailsView.swift in Sources */ = {isa = PBXBuildFile; fileRef = 37F3C94D28003F9400BA9878 /* SitesFranceDetailsView.swift */; };
		37F3C95028003FC000BA9878 /* SitesItalieDetailsView.swift in Sources */ = {isa = PBXBuildFile; fileRef = 37F3C94F28003FC000BA9878 /* SitesItalieDetailsView.swift */; };
		37F3C95228003FEE00BA9878 /* SitesUKDetailsView.swift in Sources */ = {isa = PBXBuildFile; fileRef = 37F3C95128003FEE00BA9878 /* SitesUKDetailsView.swift */; };
		37F3C9542800401A00BA9878 /* SitesUSADetailsView.swift in Sources */ = {isa = PBXBuildFile; fileRef = 37F3C9532800401A00BA9878 /* SitesUSADetailsView.swift */; };
		8930C46427F6FFDE00B103C5 /* liste_live1avril2022App.swift in Sources */ = {isa = PBXBuildFile; fileRef = 8930C46327F6FFDE00B103C5 /* liste_live1avril2022App.swift */; };
		8930C46627F6FFDE00B103C5 /* ContentView.swift in Sources */ = {isa = PBXBuildFile; fileRef = 8930C46527F6FFDE00B103C5 /* ContentView.swift */; };
		8930C46827F6FFE100B103C5 /* Assets.xcassets in Resources */ = {isa = PBXBuildFile; fileRef = 8930C46727F6FFE100B103C5 /* Assets.xcassets */; };
		8930C46B27F6FFE200B103C5 /* Preview Assets.xcassets in Resources */ = {isa = PBXBuildFile; fileRef = 8930C46A27F6FFE200B103C5 /* Preview Assets.xcassets */; };
		8930C47327F7045600B103C5 /* SiteTouristiqueModel.swift in Sources */ = {isa = PBXBuildFile; fileRef = 8930C47227F7045600B103C5 /* SiteTouristiqueModel.swift */; };
/* End PBXBuildFile section */

/* Begin PBXFileReference section */
		37F3C94B28003F4B00BA9878 /* GuideVoyagesPierricView.swift */ = {isa = PBXFileReference; lastKnownFileType = sourcecode.swift; path = GuideVoyagesPierricView.swift; sourceTree = "<group>"; };
		37F3C94D28003F9400BA9878 /* SitesFranceDetailsView.swift */ = {isa = PBXFileReference; lastKnownFileType = sourcecode.swift; path = SitesFranceDetailsView.swift; sourceTree = "<group>"; };
		37F3C94F28003FC000BA9878 /* SitesItalieDetailsView.swift */ = {isa = PBXFileReference; lastKnownFileType = sourcecode.swift; path = SitesItalieDetailsView.swift; sourceTree = "<group>"; };
		37F3C95128003FEE00BA9878 /* SitesUKDetailsView.swift */ = {isa = PBXFileReference; lastKnownFileType = sourcecode.swift; path = SitesUKDetailsView.swift; sourceTree = "<group>"; };
		37F3C9532800401A00BA9878 /* SitesUSADetailsView.swift */ = {isa = PBXFileReference; lastKnownFileType = sourcecode.swift; path = SitesUSADetailsView.swift; sourceTree = "<group>"; };
		8930C46027F6FFDE00B103C5 /* liste_live1avril2022.app */ = {isa = PBXFileReference; explicitFileType = wrapper.application; includeInIndex = 0; path = liste_live1avril2022.app; sourceTree = BUILT_PRODUCTS_DIR; };
		8930C46327F6FFDE00B103C5 /* liste_live1avril2022App.swift */ = {isa = PBXFileReference; lastKnownFileType = sourcecode.swift; path = liste_live1avril2022App.swift; sourceTree = "<group>"; };
		8930C46527F6FFDE00B103C5 /* ContentView.swift */ = {isa = PBXFileReference; lastKnownFileType = sourcecode.swift; path = ContentView.swift; sourceTree = "<group>"; };
		8930C46727F6FFE100B103C5 /* Assets.xcassets */ = {isa = PBXFileReference; lastKnownFileType = folder.assetcatalog; path = Assets.xcassets; sourceTree = "<group>"; };
		8930C46A27F6FFE200B103C5 /* Preview Assets.xcassets */ = {isa = PBXFileReference; lastKnownFileType = folder.assetcatalog; path = "Preview Assets.xcassets"; sourceTree = "<group>"; };
		8930C47227F7045600B103C5 /* SiteTouristiqueModel.swift */ = {isa = PBXFileReference; lastKnownFileType = sourcecode.swift; path = SiteTouristiqueModel.swift; sourceTree = "<group>"; };
/* End PBXFileReference section */

/* Begin PBXFrameworksBuildPhase section */
		8930C45D27F6FFDD00B103C5 /* Frameworks */ = {
			isa = PBXFrameworksBuildPhase;
			buildActionMask = 2147483647;
			files = (
			);
			runOnlyForDeploymentPostprocessing = 0;
		};
/* End PBXFrameworksBuildPhase section */

/* Begin PBXGroup section */
		37F3C94A28003EF900BA9878 /* View */ = {
			isa = PBXGroup;
			children = (
				37F3C9552800415900BA9878 /* Main */,
				37F3C9562800416500BA9878 /* DetailsView */,
			);
			path = View;
			sourceTree = "<group>";
		};
		37F3C9552800415900BA9878 /* Main */ = {
			isa = PBXGroup;
			children = (
				8930C46527F6FFDE00B103C5 /* ContentView.swift */,
				37F3C94B28003F4B00BA9878 /* GuideVoyagesPierricView.swift */,
			);
			path = Main;
			sourceTree = "<group>";
		};
		37F3C9562800416500BA9878 /* DetailsView */ = {
			isa = PBXGroup;
			children = (
				37F3C94D28003F9400BA9878 /* SitesFranceDetailsView.swift */,
				37F3C94F28003FC000BA9878 /* SitesItalieDetailsView.swift */,
				37F3C95128003FEE00BA9878 /* SitesUKDetailsView.swift */,
				37F3C9532800401A00BA9878 /* SitesUSADetailsView.swift */,
			);
			path = DetailsView;
			sourceTree = "<group>";
		};
		8930C45727F6FFDD00B103C5 = {
			isa = PBXGroup;
			children = (
				8930C46227F6FFDE00B103C5 /* liste_live1avril2022 */,
				8930C46127F6FFDE00B103C5 /* Products */,
			);
			sourceTree = "<group>";
		};
		8930C46127F6FFDE00B103C5 /* Products */ = {
			isa = PBXGroup;
			children = (
				8930C46027F6FFDE00B103C5 /* liste_live1avril2022.app */,
			);
			name = Products;
			sourceTree = "<group>";
		};
		8930C46227F6FFDE00B103C5 /* liste_live1avril2022 */ = {
			isa = PBXGroup;
			children = (
				8930C46327F6FFDE00B103C5 /* liste_live1avril2022App.swift */,
				8930C47127F7040300B103C5 /* Model */,
				37F3C94A28003EF900BA9878 /* View */,
				8930C46727F6FFE100B103C5 /* Assets.xcassets */,
				8930C46927F6FFE200B103C5 /* Preview Content */,
			);
			path = liste_live1avril2022;
			sourceTree = "<group>";
		};
		8930C46927F6FFE200B103C5 /* Preview Content */ = {
			isa = PBXGroup;
			children = (
				8930C46A27F6FFE200B103C5 /* Preview Assets.xcassets */,
			);
			path = "Preview Content";
			sourceTree = "<group>";
		};
		8930C47127F7040300B103C5 /* Model */ = {
			isa = PBXGroup;
			children = (
				8930C47227F7045600B103C5 /* SiteTouristiqueModel.swift */,
			);
			path = Model;
			sourceTree = "<group>";
		};
/* End PBXGroup section */

/* Begin PBXNativeTarget section */
		8930C45F27F6FFDD00B103C5 /* liste_live1avril2022 */ = {
			isa = PBXNativeTarget;
			buildConfigurationList = 8930C46E27F6FFE200B103C5 /* Build configuration list for PBXNativeTarget "liste_live1avril2022" */;
			buildPhases = (
				8930C45C27F6FFDD00B103C5 /* Sources */,
				8930C45D27F6FFDD00B103C5 /* Frameworks */,
				8930C45E27F6FFDD00B103C5 /* Resources */,
			);
			buildRules = (
			);
			dependencies = (
			);
			name = liste_live1avril2022;
			productName = liste_live1avril2022;
			productReference = 8930C46027F6FFDE00B103C5 /* liste_live1avril2022.app */;
			productType = "com.apple.product-type.application";
		};
/* End PBXNativeTarget section */

/* Begin PBXProject section */
		8930C45827F6FFDD00B103C5 /* Project object */ = {
			isa = PBXProject;
			attributes = {
				BuildIndependentTargetsInParallel = 1;
				LastSwiftUpdateCheck = 1310;
				LastUpgradeCheck = 1310;
				TargetAttributes = {
					8930C45F27F6FFDD00B103C5 = {
						CreatedOnToolsVersion = 13.1;
					};
				};
			};
			buildConfigurationList = 8930C45B27F6FFDD00B103C5 /* Build configuration list for PBXProject "liste_live1avril2022" */;
			compatibilityVersion = "Xcode 13.0";
			developmentRegion = en;
			hasScannedForEncodings = 0;
			knownRegions = (
				en,
				Base,
			);
			mainGroup = 8930C45727F6FFDD00B103C5;
			productRefGroup = 8930C46127F6FFDE00B103C5 /* Products */;
			projectDirPath = "";
			projectRoot = "";
			targets = (
				8930C45F27F6FFDD00B103C5 /* liste_live1avril2022 */,
			);
		};
/* End PBXProject section */

/* Begin PBXResourcesBuildPhase section */
		8930C45E27F6FFDD00B103C5 /* Resources */ = {
			isa = PBXResourcesBuildPhase;
			buildActionMask = 2147483647;
			files = (
				8930C46B27F6FFE200B103C5 /* Preview Assets.xcassets in Resources */,
				8930C46827F6FFE100B103C5 /* Assets.xcassets in Resources */,
			);
			runOnlyForDeploymentPostprocessing = 0;
		};
/* End PBXResourcesBuildPhase section */

/* Begin PBXSourcesBuildPhase section */
		8930C45C27F6FFDD00B103C5 /* Sources */ = {
			isa = PBXSourcesBuildPhase;
			buildActionMask = 2147483647;
			files = (
				8930C46627F6FFDE00B103C5 /* ContentView.swift in Sources */,
				37F3C94C28003F4B00BA9878 /* GuideVoyagesPierricView.swift in Sources */,
				8930C47327F7045600B103C5 /* SiteTouristiqueModel.swift in Sources */,
				37F3C95228003FEE00BA9878 /* SitesUKDetailsView.swift in Sources */,
				37F3C94E28003F9400BA9878 /* SitesFranceDetailsView.swift in Sources */,
				37F3C95028003FC000BA9878 /* SitesItalieDetailsView.swift in Sources */,
				37F3C9542800401A00BA9878 /* SitesUSADetailsView.swift in Sources */,
				8930C46427F6FFDE00B103C5 /* liste_live1avril2022App.swift in Sources */,
			);
			runOnlyForDeploymentPostprocessing = 0;
		};
/* End PBXSourcesBuildPhase section */

/* Begin XCBuildConfiguration section */
		8930C46C27F6FFE200B103C5 /* Debug */ = {
			isa = XCBuildConfiguration;
			buildSettings = {
				ALWAYS_SEARCH_USER_PATHS = NO;
				CLANG_ANALYZER_NONNULL = YES;
				CLANG_ANALYZER_NUMBER_OBJECT_CONVERSION = YES_AGGRESSIVE;
				CLANG_CXX_LANGUAGE_STANDARD = "gnu++17";
				CLANG_CXX_LIBRARY = "libc++";
				CLANG_ENABLE_MODULES = YES;
				CLANG_ENABLE_OBJC_ARC = YES;
				CLANG_ENABLE_OBJC_WEAK = YES;
				CLANG_WARN_BLOCK_CAPTURE_AUTORELEASING = YES;
				CLANG_WARN_BOOL_CONVERSION = YES;
				CLANG_WARN_COMMA = YES;
				CLANG_WARN_CONSTANT_CONVERSION = YES;
				CLANG_WARN_DEPRECATED_OBJC_IMPLEMENTATIONS = YES;
				CLANG_WARN_DIRECT_OBJC_ISA_USAGE = YES_ERROR;
				CLANG_WARN_DOCUMENTATION_COMMENTS = YES;
				CLANG_WARN_EMPTY_BODY = YES;
				CLANG_WARN_ENUM_CONVERSION = YES;
				CLANG_WARN_INFINITE_RECURSION = YES;
				CLANG_WARN_INT_CONVERSION = YES;
				CLANG_WARN_NON_LITERAL_NULL_CONVERSION = YES;
				CLANG_WARN_OBJC_IMPLICIT_RETAIN_SELF = YES;
				CLANG_WARN_OBJC_LITERAL_CONVERSION = YES;
				CLANG_WARN_OBJC_ROOT_CLASS = YES_ERROR;
				CLANG_WARN_QUOTED_INCLUDE_IN_FRAMEWORK_HEADER = YES;
				CLANG_WARN_RANGE_LOOP_ANALYSIS = YES;
				CLANG_WARN_STRICT_PROTOTYPES = YES;
				CLANG_WARN_SUSPICIOUS_MOVE = YES;
				CLANG_WARN_UNGUARDED_AVAILABILITY = YES_AGGRESSIVE;
				CLANG_WARN_UNREACHABLE_CODE = YES;
				CLANG_WARN__DUPLICATE_METHOD_MATCH = YES;
				COPY_PHASE_STRIP = NO;
				DEBUG_INFORMATION_FORMAT = dwarf;
				ENABLE_STRICT_OBJC_MSGSEND = YES;
				ENABLE_TESTABILITY = YES;
				GCC_C_LANGUAGE_STANDARD = gnu11;
				GCC_DYNAMIC_NO_PIC = NO;
				GCC_NO_COMMON_BLOCKS = YES;
				GCC_OPTIMIZATION_LEVEL = 0;
				GCC_PREPROCESSOR_DEFINITIONS = (
					"DEBUG=1",
					"$(inherited)",
				);
				GCC_WARN_64_TO_32_BIT_CONVERSION = YES;
				GCC_WARN_ABOUT_RETURN_TYPE = YES_ERROR;
				GCC_WARN_UNDECLARED_SELECTOR = YES;
				GCC_WARN_UNINITIALIZED_AUTOS = YES_AGGRESSIVE;
				GCC_WARN_UNUSED_FUNCTION = YES;
				GCC_WARN_UNUSED_VARIABLE = YES;
				IPHONEOS_DEPLOYMENT_TARGET = 15.0;
				MTL_ENABLE_DEBUG_INFO = INCLUDE_SOURCE;
				MTL_FAST_MATH = YES;
				ONLY_ACTIVE_ARCH = YES;
				SDKROOT = iphoneos;
				SWIFT_ACTIVE_COMPILATION_CONDITIONS = DEBUG;
				SWIFT_OPTIMIZATION_LEVEL = "-Onone";
			};
			name = Debug;
		};
		8930C46D27F6FFE200B103C5 /* Release */ = {
			isa = XCBuildConfiguration;
			buildSettings = {
				ALWAYS_SEARCH_USER_PATHS = NO;
				CLANG_ANALYZER_NONNULL = YES;
				CLANG_ANALYZER_NUMBER_OBJECT_CONVERSION = YES_AGGRESSIVE;
				CLANG_CXX_LANGUAGE_STANDARD = "gnu++17";
				CLANG_CXX_LIBRARY = "libc++";
				CLANG_ENABLE_MODULES = YES;
				CLANG_ENABLE_OBJC_ARC = YES;
				CLANG_ENABLE_OBJC_WEAK = YES;
				CLANG_WARN_BLOCK_CAPTURE_AUTORELEASING = YES;
				CLANG_WARN_BOOL_CONVERSION = YES;
				CLANG_WARN_COMMA = YES;
				CLANG_WARN_CONSTANT_CONVERSION = YES;
				CLANG_WARN_DEPRECATED_OBJC_IMPLEMENTATIONS = YES;
				CLANG_WARN_DIRECT_OBJC_ISA_USAGE = YES_ERROR;
				CLANG_WARN_DOCUMENTATION_COMMENTS = YES;
				CLANG_WARN_EMPTY_BODY = YES;
				CLANG_WARN_ENUM_CONVERSION = YES;
				CLANG_WARN_INFINITE_RECURSION = YES;
				CLANG_WARN_INT_CONVERSION = YES;
				CLANG_WARN_NON_LITERAL_NULL_CONVERSION = YES;
				CLANG_WARN_OBJC_IMPLICIT_RETAIN_SELF = YES;
				CLANG_WARN_OBJC_LITERAL_CONVERSION = YES;
				CLANG_WARN_OBJC_ROOT_CLASS = YES_ERROR;
				CLANG_WARN_QUOTED_INCLUDE_IN_FRAMEWORK_HEADER = YES;
				CLANG_WARN_RANGE_LOOP_ANALYSIS = YES;
				CLANG_WARN_STRICT_PROTOTYPES = YES;
				CLANG_WARN_SUSPICIOUS_MOVE = YES;
				CLANG_WARN_UNGUARDED_AVAILABILITY = YES_AGGRESSIVE;
				CLANG_WARN_UNREACHABLE_CODE = YES;
				CLANG_WARN__DUPLICATE_METHOD_MATCH = YES;
				COPY_PHASE_STRIP = NO;
				DEBUG_INFORMATION_FORMAT = "dwarf-with-dsym";
				ENABLE_NS_ASSERTIONS = NO;
				ENABLE_STRICT_OBJC_MSGSEND = YES;
				GCC_C_LANGUAGE_STANDARD = gnu11;
				GCC_NO_COMMON_BLOCKS = YES;
				GCC_WARN_64_TO_32_BIT_CONVERSION = YES;
				GCC_WARN_ABOUT_RETURN_TYPE = YES_ERROR;
				GCC_WARN_UNDECLARED_SELECTOR = YES;
				GCC_WARN_UNINITIALIZED_AUTOS = YES_AGGRESSIVE;
				GCC_WARN_UNUSED_FUNCTION = YES;
				GCC_WARN_UNUSED_VARIABLE = YES;
				IPHONEOS_DEPLOYMENT_TARGET = 15.0;
				MTL_ENABLE_DEBUG_INFO = NO;
				MTL_FAST_MATH = YES;
				SDKROOT = iphoneos;
				SWIFT_COMPILATION_MODE = wholemodule;
				SWIFT_OPTIMIZATION_LEVEL = "-O";
				VALIDATE_PRODUCT = YES;
			};
			name = Release;
		};
		8930C46F27F6FFE200B103C5 /* Debug */ = {
			isa = XCBuildConfiguration;
			buildSettings = {
				ASSETCATALOG_COMPILER_APPICON_NAME = AppIcon;
				ASSETCATALOG_COMPILER_GLOBAL_ACCENT_COLOR_NAME = AccentColor;
				CODE_SIGN_STYLE = Automatic;
				CURRENT_PROJECT_VERSION = 1;
				DEVELOPMENT_ASSET_PATHS = "\"liste_live1avril2022/Preview Content\"";
				DEVELOPMENT_TEAM = SV32QZFP9X;
				ENABLE_PREVIEWS = YES;
				GENERATE_INFOPLIST_FILE = YES;
				INFOPLIST_KEY_UIApplicationSceneManifest_Generation = YES;
				INFOPLIST_KEY_UIApplicationSupportsIndirectInputEvents = YES;
				INFOPLIST_KEY_UILaunchScreen_Generation = YES;
				INFOPLIST_KEY_UISupportedInterfaceOrientations_iPad = "UIInterfaceOrientationPortrait UIInterfaceOrientationPortraitUpsideDown UIInterfaceOrientationLandscapeLeft UIInterfaceOrientationLandscapeRight";
				INFOPLIST_KEY_UISupportedInterfaceOrientations_iPhone = "UIInterfaceOrientationPortrait UIInterfaceOrientationLandscapeLeft UIInterfaceOrientationLandscapeRight";
				LD_RUNPATH_SEARCH_PATHS = (
					"$(inherited)",
					"@executable_path/Frameworks",
				);
				MARKETING_VERSION = 1.0;
				PRODUCT_BUNDLE_IDENTIFIER = "com.martres.liste-live1avril2022";
				PRODUCT_NAME = "$(TARGET_NAME)";
				SWIFT_EMIT_LOC_STRINGS = YES;
				SWIFT_VERSION = 5.0;
				TARGETED_DEVICE_FAMILY = "1,2";
			};
			name = Debug;
		};
		8930C47027F6FFE200B103C5 /* Release */ = {
			isa = XCBuildConfiguration;
			buildSettings = {
				ASSETCATALOG_COMPILER_APPICON_NAME = AppIcon;
				ASSETCATALOG_COMPILER_GLOBAL_ACCENT_COLOR_NAME = AccentColor;
				CODE_SIGN_STYLE = Automatic;
				CURRENT_PROJECT_VERSION = 1;
				DEVELOPMENT_ASSET_PATHS = "\"liste_live1avril2022/Preview Content\"";
				DEVELOPMENT_TEAM = SV32QZFP9X;
				ENABLE_PREVIEWS = YES;
				GENERATE_INFOPLIST_FILE = YES;
				INFOPLIST_KEY_UIApplicationSceneManifest_Generation = YES;
				INFOPLIST_KEY_UIApplicationSupportsIndirectInputEvents = YES;
				INFOPLIST_KEY_UILaunchScreen_Generation = YES;
				INFOPLIST_KEY_UISupportedInterfaceOrientations_iPad = "UIInterfaceOrientationPortrait UIInterfaceOrientationPortraitUpsideDown UIInterfaceOrientationLandscapeLeft UIInterfaceOrientationLandscapeRight";
				INFOPLIST_KEY_UISupportedInterfaceOrientations_iPhone = "UIInterfaceOrientationPortrait UIInterfaceOrientationLandscapeLeft UIInterfaceOrientationLandscapeRight";
				LD_RUNPATH_SEARCH_PATHS = (
					"$(inherited)",
					"@executable_path/Frameworks",
				);
				MARKETING_VERSION = 1.0;
				PRODUCT_BUNDLE_IDENTIFIER = "com.martres.liste-live1avril2022";
				PRODUCT_NAME = "$(TARGET_NAME)";
				SWIFT_EMIT_LOC_STRINGS = YES;
				SWIFT_VERSION = 5.0;
				TARGETED_DEVICE_FAMILY = "1,2";
			};
			name = Release;
		};
/* End XCBuildConfiguration section */

/* Begin XCConfigurationList section */
		8930C45B27F6FFDD00B103C5 /* Build configuration list for PBXProject "liste_live1avril2022" */ = {
			isa = XCConfigurationList;
			buildConfigurations = (
				8930C46C27F6FFE200B103C5 /* Debug */,
				8930C46D27F6FFE200B103C5 /* Release */,
			);
			defaultConfigurationIsVisible = 0;
			defaultConfigurationName = Release;
		};
		8930C46E27F6FFE200B103C5 /* Build configuration list for PBXNativeTarget "liste_live1avril2022" */ = {
			isa = XCConfigurationList;
			buildConfigurations = (
				8930C46F27F6FFE200B103C5 /* Debug */,
				8930C47027F6FFE200B103C5 /* Release */,
			);
			defaultConfigurationIsVisible = 0;
			defaultConfigurationName = Release;
		};
/* End XCConfigurationList section */
	};
	rootObject = 8930C45827F6FFDD00B103C5 /* Project object */;
}
